
Microsoft Visual Studio Solution File, Format Version 12.00
# Visual Studio Version 17
VisualStudioVersion = 17.0.32014.148
MinimumVisualStudioVersion = 10.0.40219.1
Project("{8BC9CEB8-8B4A-11D0-8D11-00A0C91BC942}") = "HWSW_Eksamen", "HWSW_Eksamen.vcxproj", "{30DAFAF1-3A1C-408C-9811-41E28FA74D43}"
EndProject
Global
	GlobalSection(SolutionConfigurationPlatforms) = preSolution
		Debug|x64 = Debug|x64
		Debug|x86 = Debug|x86
		Release|x64 = Release|x64
		Release|x86 = Release|x86
	EndGlobalSection
	GlobalSection(ProjectConfigurationPlatforms) = postSolution
		{30DAFAF1-3A1C-408C-9811-41E28FA74D43}.Debug|x64.ActiveCfg = Debug|x64
		{30DAFAF1-3A1C-408C-9811-41E28FA74D43}.Debug|x64.Build.0 = Debug|x64
		{30DAFAF1-3A1C-408C-9811-41E28FA74D43}.Debug|x86.ActiveCfg = Debug|Win32
		{30DAFAF1-3A1C-408C-9811-41E28FA74D43}.Debug|x86.Build.0 = Debug|Win32
		{30DAFAF1-3A1C-408C-9811-41E28FA74D43}.Release|x64.ActiveCfg = Release|x64
		{30DAFAF1-3A1C-408C-9811-41E28FA74D43}.Release|x64.Build.0 = Release|x64
		{30DAFAF1-3A1C-408C-9811-41E28FA74D43}.Release|x86.ActiveCfg = Release|Win32
		{30DAFAF1-3A1C-408C-9811-41E28FA74D43}.Release|x86.Build.0 = Release|Win32
	EndGlobalSection
	GlobalSection(SolutionProperties) = preSolution
		HideSolutionNode = FALSE
	EndGlobalSection
	GlobalSection(ExtensibilityGlobals) = postSolution
		SolutionGuid = {56F5E16C-3EE8-4D9F-88DB-D058150281F5}
	EndGlobalSection
EndGlobal
